// !$*UTF8*$!
{
	archiveVersion = 1;
	classes = {
	};
	objectVersion = 48;
	objects = {

/* Begin PBXBuildFile section */
		421FC39920006F8A00D29770 /* PARSEClient.swift in Sources */ = {isa = PBXBuildFile; fileRef = 421FC39820006F8A00D29770 /* PARSEClient.swift */; };
		421FC39B20006FA100D29770 /* PARSEConstants.swift in Sources */ = {isa = PBXBuildFile; fileRef = 421FC39A20006FA100D29770 /* PARSEConstants.swift */; };
		421FC39D2000708200D29770 /* PARSEUserLocation.swift in Sources */ = {isa = PBXBuildFile; fileRef = 421FC39C2000708200D29770 /* PARSEUserLocation.swift */; };
		421FC3A420008E1B00D29770 /* UDACITYClient.swift in Sources */ = {isa = PBXBuildFile; fileRef = 421FC3A320008E1B00D29770 /* UDACITYClient.swift */; };
		421FC3A620008E4A00D29770 /* UDACITYConstants.swift in Sources */ = {isa = PBXBuildFile; fileRef = 421FC3A520008E4A00D29770 /* UDACITYConstants.swift */; };
		424CDC24200ACDF000134D50 /* Bolts.framework in Frameworks */ = {isa = PBXBuildFile; fileRef = 424CDC23200ACDF000134D50 /* Bolts.framework */; };
		424CDC2F200ACE3A00134D50 /* AccountKitStrings.bundle in Resources */ = {isa = PBXBuildFile; fileRef = 424CDC26200ACE3900134D50 /* AccountKitStrings.bundle */; };
		424CDC30200ACE3A00134D50 /* AccountKit.framework in Frameworks */ = {isa = PBXBuildFile; fileRef = 424CDC27200ACE3900134D50 /* AccountKit.framework */; };
		424CDC31200ACE3A00134D50 /* FBNotifications.framework in Frameworks */ = {isa = PBXBuildFile; fileRef = 424CDC28200ACE3900134D50 /* FBNotifications.framework */; };
		424CDC32200ACE3A00134D50 /* FacebookSDKStrings.bundle in Resources */ = {isa = PBXBuildFile; fileRef = 424CDC29200ACE3900134D50 /* FacebookSDKStrings.bundle */; };
		424CDC33200ACE3A00134D50 /* FBSDKCoreKit.framework in Frameworks */ = {isa = PBXBuildFile; fileRef = 424CDC2A200ACE3900134D50 /* FBSDKCoreKit.framework */; };
		424CDC36200ACE3A00134D50 /* FBSDKLoginKit.framework in Frameworks */ = {isa = PBXBuildFile; fileRef = 424CDC2D200ACE3A00134D50 /* FBSDKLoginKit.framework */; };
		424D764220079275005FC658 /* AlertView.swift in Sources */ = {isa = PBXBuildFile; fileRef = 424D764120079275005FC658 /* AlertView.swift */; };
		4253C9B4200D79EB00273733 /* LocationStore.swift in Sources */ = {isa = PBXBuildFile; fileRef = 4253C9B3200D79EB00273733 /* LocationStore.swift */; };
		42599CBA200A085300F70644 /* OTMInfoPostingViewController.swift in Sources */ = {isa = PBXBuildFile; fileRef = 42599CB9200A085300F70644 /* OTMInfoPostingViewController.swift */; };
		428ADDAB200157C900A5BB06 /* DataTask.swift in Sources */ = {isa = PBXBuildFile; fileRef = 428ADDAA200157C900A5BB06 /* DataTask.swift */; };
		428ADDAD2001783300A5BB06 /* PARSEConvenience.swift in Sources */ = {isa = PBXBuildFile; fileRef = 428ADDAC2001783300A5BB06 /* PARSEConvenience.swift */; };
		428ADDB1200194B100A5BB06 /* FetchDataHalper.swift in Sources */ = {isa = PBXBuildFile; fileRef = 428ADDB0200194B100A5BB06 /* FetchDataHalper.swift */; };
		428ADDB32001A1A900A5BB06 /* UDACITYConvenience.swift in Sources */ = {isa = PBXBuildFile; fileRef = 428ADDB22001A1A900A5BB06 /* UDACITYConvenience.swift */; };
		42E4B2AB20004CCD00FB8A1C /* AppDelegate.swift in Sources */ = {isa = PBXBuildFile; fileRef = 42E4B2AA20004CCD00FB8A1C /* AppDelegate.swift */; };
		42E4B2B020004CCD00FB8A1C /* Main.storyboard in Resources */ = {isa = PBXBuildFile; fileRef = 42E4B2AE20004CCD00FB8A1C /* Main.storyboard */; };
		42E4B2B220004CCD00FB8A1C /* Assets.xcassets in Resources */ = {isa = PBXBuildFile; fileRef = 42E4B2B120004CCD00FB8A1C /* Assets.xcassets */; };
		42E4B2C720004DBA00FB8A1C /* GCDBlackBox.swift in Sources */ = {isa = PBXBuildFile; fileRef = 42E4B2C620004DBA00FB8A1C /* GCDBlackBox.swift */; };
		42EB03562001EA9A00E85F41 /* OTMLoginViewController.swift in Sources */ = {isa = PBXBuildFile; fileRef = 42EB03552001EA9A00E85F41 /* OTMLoginViewController.swift */; };
		42EB03582001EAB000E85F41 /* OTMMapViewController.swift in Sources */ = {isa = PBXBuildFile; fileRef = 42EB03572001EAB000E85F41 /* OTMMapViewController.swift */; };
		42EB035A2001EAF000E85F41 /* OTMTableViewController.swift in Sources */ = {isa = PBXBuildFile; fileRef = 42EB03592001EAF000E85F41 /* OTMTableViewController.swift */; };
		42EB035E2001EB5D00E85F41 /* OTMTabBarViewController.swift in Sources */ = {isa = PBXBuildFile; fileRef = 42EB035D2001EB5D00E85F41 /* OTMTabBarViewController.swift */; };
		C64DE42220E8DEB4006B7302 /* LaunchScreen.storyboard in Resources */ = {isa = PBXBuildFile; fileRef = C64DE42120E8DEB4006B7302 /* LaunchScreen.storyboard */; };
/* End PBXBuildFile section */

/* Begin PBXFileReference section */
		421FC39820006F8A00D29770 /* PARSEClient.swift */ = {isa = PBXFileReference; lastKnownFileType = sourcecode.swift; path = PARSEClient.swift; sourceTree = "<group>"; };
		421FC39A20006FA100D29770 /* PARSEConstants.swift */ = {isa = PBXFileReference; lastKnownFileType = sourcecode.swift; path = PARSEConstants.swift; sourceTree = "<group>"; };
		421FC39C2000708200D29770 /* PARSEUserLocation.swift */ = {isa = PBXFileReference; lastKnownFileType = sourcecode.swift; path = PARSEUserLocation.swift; sourceTree = "<group>"; };
		421FC3A320008E1B00D29770 /* UDACITYClient.swift */ = {isa = PBXFileReference; lastKnownFileType = sourcecode.swift; path = UDACITYClient.swift; sourceTree = "<group>"; };
		421FC3A520008E4A00D29770 /* UDACITYConstants.swift */ = {isa = PBXFileReference; lastKnownFileType = sourcecode.swift; path = UDACITYConstants.swift; sourceTree = "<group>"; };
		424CDC23200ACDF000134D50 /* Bolts.framework */ = {isa = PBXFileReference; lastKnownFileType = wrapper.framework; path = Bolts.framework; sourceTree = "<group>"; };
		424CDC26200ACE3900134D50 /* AccountKitStrings.bundle */ = {isa = PBXFileReference; lastKnownFileType = "wrapper.plug-in"; path = AccountKitStrings.bundle; sourceTree = "<group>"; };
		424CDC27200ACE3900134D50 /* AccountKit.framework */ = {isa = PBXFileReference; lastKnownFileType = wrapper.framework; path = AccountKit.framework; sourceTree = "<group>"; };
		424CDC28200ACE3900134D50 /* FBNotifications.framework */ = {isa = PBXFileReference; lastKnownFileType = wrapper.framework; path = FBNotifications.framework; sourceTree = "<group>"; };
		424CDC29200ACE3900134D50 /* FacebookSDKStrings.bundle */ = {isa = PBXFileReference; lastKnownFileType = "wrapper.plug-in"; path = FacebookSDKStrings.bundle; sourceTree = "<group>"; };
		424CDC2A200ACE3900134D50 /* FBSDKCoreKit.framework */ = {isa = PBXFileReference; lastKnownFileType = wrapper.framework; path = FBSDKCoreKit.framework; sourceTree = "<group>"; };
		424CDC2D200ACE3A00134D50 /* FBSDKLoginKit.framework */ = {isa = PBXFileReference; lastKnownFileType = wrapper.framework; path = FBSDKLoginKit.framework; sourceTree = "<group>"; };
		424D764120079275005FC658 /* AlertView.swift */ = {isa = PBXFileReference; lastKnownFileType = sourcecode.swift; path = AlertView.swift; sourceTree = "<group>"; };
		4253C9B3200D79EB00273733 /* LocationStore.swift */ = {isa = PBXFileReference; lastKnownFileType = sourcecode.swift; path = LocationStore.swift; sourceTree = "<group>"; };
		42599CB9200A085300F70644 /* OTMInfoPostingViewController.swift */ = {isa = PBXFileReference; fileEncoding = 4; lastKnownFileType = sourcecode.swift; path = OTMInfoPostingViewController.swift; sourceTree = "<group>"; };
		428ADDAA200157C900A5BB06 /* DataTask.swift */ = {isa = PBXFileReference; lastKnownFileType = sourcecode.swift; path = DataTask.swift; sourceTree = "<group>"; };
		428ADDAC2001783300A5BB06 /* PARSEConvenience.swift */ = {isa = PBXFileReference; lastKnownFileType = sourcecode.swift; path = PARSEConvenience.swift; sourceTree = "<group>"; };
		428ADDB0200194B100A5BB06 /* FetchDataHalper.swift */ = {isa = PBXFileReference; lastKnownFileType = sourcecode.swift; path = FetchDataHalper.swift; sourceTree = "<group>"; };
		428ADDB22001A1A900A5BB06 /* UDACITYConvenience.swift */ = {isa = PBXFileReference; lastKnownFileType = sourcecode.swift; path = UDACITYConvenience.swift; sourceTree = "<group>"; };
		42E4B2A720004CCD00FB8A1C /* OnTheMap.app */ = {isa = PBXFileReference; explicitFileType = wrapper.application; includeInIndex = 0; path = OnTheMap.app; sourceTree = BUILT_PRODUCTS_DIR; };
		42E4B2AA20004CCD00FB8A1C /* AppDelegate.swift */ = {isa = PBXFileReference; lastKnownFileType = sourcecode.swift; path = AppDelegate.swift; sourceTree = "<group>"; };
		42E4B2AF20004CCD00FB8A1C /* Base */ = {isa = PBXFileReference; lastKnownFileType = file.storyboard; name = Base; path = Base.lproj/Main.storyboard; sourceTree = "<group>"; };
		42E4B2B120004CCD00FB8A1C /* Assets.xcassets */ = {isa = PBXFileReference; lastKnownFileType = folder.assetcatalog; path = Assets.xcassets; sourceTree = "<group>"; };
		42E4B2B620004CCD00FB8A1C /* Info.plist */ = {isa = PBXFileReference; lastKnownFileType = text.plist.xml; path = Info.plist; sourceTree = "<group>"; };
		42E4B2C620004DBA00FB8A1C /* GCDBlackBox.swift */ = {isa = PBXFileReference; lastKnownFileType = sourcecode.swift; path = GCDBlackBox.swift; sourceTree = "<group>"; };
		42EB03552001EA9A00E85F41 /* OTMLoginViewController.swift */ = {isa = PBXFileReference; lastKnownFileType = sourcecode.swift; path = OTMLoginViewController.swift; sourceTree = "<group>"; };
		42EB03572001EAB000E85F41 /* OTMMapViewController.swift */ = {isa = PBXFileReference; lastKnownFileType = sourcecode.swift; path = OTMMapViewController.swift; sourceTree = "<group>"; };
		42EB03592001EAF000E85F41 /* OTMTableViewController.swift */ = {isa = PBXFileReference; lastKnownFileType = sourcecode.swift; path = OTMTableViewController.swift; sourceTree = "<group>"; };
		42EB035D2001EB5D00E85F41 /* OTMTabBarViewController.swift */ = {isa = PBXFileReference; lastKnownFileType = sourcecode.swift; path = OTMTabBarViewController.swift; sourceTree = "<group>"; };
		C64DE42120E8DEB4006B7302 /* LaunchScreen.storyboard */ = {isa = PBXFileReference; lastKnownFileType = file.storyboard; path = LaunchScreen.storyboard; sourceTree = "<group>"; };
/* End PBXFileReference section */

/* Begin PBXFrameworksBuildPhase section */
		42E4B2A420004CCD00FB8A1C /* Frameworks */ = {
			isa = PBXFrameworksBuildPhase;
			buildActionMask = 2147483647;
			files = (
				424CDC30200ACE3A00134D50 /* AccountKit.framework in Frameworks */,
				424CDC31200ACE3A00134D50 /* FBNotifications.framework in Frameworks */,
				424CDC33200ACE3A00134D50 /* FBSDKCoreKit.framework in Frameworks */,
				424CDC36200ACE3A00134D50 /* FBSDKLoginKit.framework in Frameworks */,
				424CDC24200ACDF000134D50 /* Bolts.framework in Frameworks */,
			);
			runOnlyForDeploymentPostprocessing = 0;
		};
/* End PBXFrameworksBuildPhase section */

/* Begin PBXGroup section */
		424CDBF9200AC22600134D50 /* Frameworks */ = {
			isa = PBXGroup;
			children = (
				424CDC27200ACE3900134D50 /* AccountKit.framework */,
				424CDC26200ACE3900134D50 /* AccountKitStrings.bundle */,
				424CDC29200ACE3900134D50 /* FacebookSDKStrings.bundle */,
				424CDC28200ACE3900134D50 /* FBNotifications.framework */,
				424CDC2A200ACE3900134D50 /* FBSDKCoreKit.framework */,
				424CDC2D200ACE3A00134D50 /* FBSDKLoginKit.framework */,
				424CDC23200ACDF000134D50 /* Bolts.framework */,
			);
			name = Frameworks;
			sourceTree = "<group>";
		};
		429A7EDA200D23F700208C06 /* UserData */ = {
			isa = PBXGroup;
			children = (
				4253C9B3200D79EB00273733 /* LocationStore.swift */,
			);
			path = UserData;
			sourceTree = "<group>";
		};
		42E4B29E20004CCD00FB8A1C = {
			isa = PBXGroup;
			children = (
				42E4B2A920004CCD00FB8A1C /* OnTheMap */,
				424CDBF9200AC22600134D50 /* Frameworks */,
				42E4B2A820004CCD00FB8A1C /* Products */,
			);
			sourceTree = "<group>";
		};
		42E4B2A820004CCD00FB8A1C /* Products */ = {
			isa = PBXGroup;
			children = (
				42E4B2A720004CCD00FB8A1C /* OnTheMap.app */,
			);
			name = Products;
			sourceTree = "<group>";
		};
		42E4B2A920004CCD00FB8A1C /* OnTheMap */ = {
			isa = PBXGroup;
			children = (
				42E4B2AA20004CCD00FB8A1C /* AppDelegate.swift */,
				42E4B2C620004DBA00FB8A1C /* GCDBlackBox.swift */,
				42E4B2BC20004CE200FB8A1C /* Model */,
				42E4B2BD20004CF300FB8A1C /* View */,
				42E4B2BE20004CFB00FB8A1C /* Controller */,
				42E4B2BF20004D1100FB8A1C /* Assets */,
				42E4B2C520004D4300FB8A1C /* Supporting Files */,
			);
			path = OnTheMap;
			sourceTree = "<group>";
		};
		42E4B2BC20004CE200FB8A1C /* Model */ = {
			isa = PBXGroup;
			children = (
				428ADDAA200157C900A5BB06 /* DataTask.swift */,
				428ADDB0200194B100A5BB06 /* FetchDataHalper.swift */,
				429A7EDA200D23F700208C06 /* UserData */,
				42E4B2C920004E1A00FB8A1C /* Udacity */,
				42E4B2C820004E0D00FB8A1C /* Parse */,
			);
			path = Model;
			sourceTree = "<group>";
		};
		42E4B2BD20004CF300FB8A1C /* View */ = {
			isa = PBXGroup;
			children = (
				424D764120079275005FC658 /* AlertView.swift */,
			);
			path = View;
			sourceTree = "<group>";
		};
		42E4B2BE20004CFB00FB8A1C /* Controller */ = {
			isa = PBXGroup;
			children = (
				42EB03552001EA9A00E85F41 /* OTMLoginViewController.swift */,
				42EB03572001EAB000E85F41 /* OTMMapViewController.swift */,
				42EB03592001EAF000E85F41 /* OTMTableViewController.swift */,
				42EB035D2001EB5D00E85F41 /* OTMTabBarViewController.swift */,
				42599CB9200A085300F70644 /* OTMInfoPostingViewController.swift */,
			);
			path = Controller;
			sourceTree = "<group>";
		};
		42E4B2BF20004D1100FB8A1C /* Assets */ = {
			isa = PBXGroup;
			children = (
				42E4B2AE20004CCD00FB8A1C /* Main.storyboard */,
				42E4B2B120004CCD00FB8A1C /* Assets.xcassets */,
				C64DE42120E8DEB4006B7302 /* LaunchScreen.storyboard */,
			);
			path = Assets;
			sourceTree = "<group>";
		};
		42E4B2C520004D4300FB8A1C /* Supporting Files */ = {
			isa = PBXGroup;
			children = (
				42E4B2B620004CCD00FB8A1C /* Info.plist */,
			);
			path = "Supporting Files";
			sourceTree = "<group>";
		};
		42E4B2C820004E0D00FB8A1C /* Parse */ = {
			isa = PBXGroup;
			children = (
				421FC39A20006FA100D29770 /* PARSEConstants.swift */,
				421FC39820006F8A00D29770 /* PARSEClient.swift */,
				428ADDAC2001783300A5BB06 /* PARSEConvenience.swift */,
				421FC39C2000708200D29770 /* PARSEUserLocation.swift */,
			);
			path = Parse;
			sourceTree = "<group>";
		};
		42E4B2C920004E1A00FB8A1C /* Udacity */ = {
			isa = PBXGroup;
			children = (
				421FC3A520008E4A00D29770 /* UDACITYConstants.swift */,
				421FC3A320008E1B00D29770 /* UDACITYClient.swift */,
				428ADDB22001A1A900A5BB06 /* UDACITYConvenience.swift */,
			);
			path = Udacity;
			sourceTree = "<group>";
		};
/* End PBXGroup section */

/* Begin PBXNativeTarget section */
		42E4B2A620004CCD00FB8A1C /* OnTheMap */ = {
			isa = PBXNativeTarget;
			buildConfigurationList = 42E4B2B920004CCD00FB8A1C /* Build configuration list for PBXNativeTarget "OnTheMap" */;
			buildPhases = (
				42E4B2A320004CCD00FB8A1C /* Sources */,
				42E4B2A420004CCD00FB8A1C /* Frameworks */,
				42E4B2A520004CCD00FB8A1C /* Resources */,
			);
			buildRules = (
			);
			dependencies = (
			);
			name = OnTheMap;
			productName = SHDROnTheMap;
			productReference = 42E4B2A720004CCD00FB8A1C /* OnTheMap.app */;
			productType = "com.apple.product-type.application";
		};
/* End PBXNativeTarget section */

/* Begin PBXProject section */
		42E4B29F20004CCD00FB8A1C /* Project object */ = {
			isa = PBXProject;
			attributes = {
				LastSwiftUpdateCheck = 0920;
				LastUpgradeCheck = 0930;
				ORGANIZATIONNAME = SHDR;
				TargetAttributes = {
					42E4B2A620004CCD00FB8A1C = {
						CreatedOnToolsVersion = 9.2;
						ProvisioningStyle = Automatic;
					};
				};
			};
			buildConfigurationList = 42E4B2A220004CCD00FB8A1C /* Build configuration list for PBXProject "OnTheMap" */;
			compatibilityVersion = "Xcode 8.0";
			developmentRegion = en;
			hasScannedForEncodings = 0;
			knownRegions = (
				en,
				Base,
			);
			mainGroup = 42E4B29E20004CCD00FB8A1C;
			productRefGroup = 42E4B2A820004CCD00FB8A1C /* Products */;
			projectDirPath = "";
			projectRoot = "";
			targets = (
				42E4B2A620004CCD00FB8A1C /* OnTheMap */,
			);
		};
/* End PBXProject section */

/* Begin PBXResourcesBuildPhase section */
		42E4B2A520004CCD00FB8A1C /* Resources */ = {
			isa = PBXResourcesBuildPhase;
			buildActionMask = 2147483647;
			files = (
				424CDC2F200ACE3A00134D50 /* AccountKitStrings.bundle in Resources */,
				42E4B2B220004CCD00FB8A1C /* Assets.xcassets in Resources */,
				42E4B2B020004CCD00FB8A1C /* Main.storyboard in Resources */,
				C64DE42220E8DEB4006B7302 /* LaunchScreen.storyboard in Resources */,
				424CDC32200ACE3A00134D50 /* FacebookSDKStrings.bundle in Resources */,
			);
			runOnlyForDeploymentPostprocessing = 0;
		};
/* End PBXResourcesBuildPhase section */

/* Begin PBXSourcesBuildPhase section */
		42E4B2A320004CCD00FB8A1C /* Sources */ = {
			isa = PBXSourcesBuildPhase;
			buildActionMask = 2147483647;
			files = (
				42E4B2C720004DBA00FB8A1C /* GCDBlackBox.swift in Sources */,
				42E4B2AB20004CCD00FB8A1C /* AppDelegate.swift in Sources */,
				42EB035A2001EAF000E85F41 /* OTMTableViewController.swift in Sources */,
				42599CBA200A085300F70644 /* OTMInfoPostingViewController.swift in Sources */,
				42EB035E2001EB5D00E85F41 /* OTMTabBarViewController.swift in Sources */,
				428ADDB1200194B100A5BB06 /* FetchDataHalper.swift in Sources */,
				42EB03582001EAB000E85F41 /* OTMMapViewController.swift in Sources */,
				421FC3A420008E1B00D29770 /* UDACITYClient.swift in Sources */,
				4253C9B4200D79EB00273733 /* LocationStore.swift in Sources */,
				421FC3A620008E4A00D29770 /* UDACITYConstants.swift in Sources */,
				428ADDB32001A1A900A5BB06 /* UDACITYConvenience.swift in Sources */,
				421FC39920006F8A00D29770 /* PARSEClient.swift in Sources */,
				42EB03562001EA9A00E85F41 /* OTMLoginViewController.swift in Sources */,
				421FC39B20006FA100D29770 /* PARSEConstants.swift in Sources */,
				428ADDAB200157C900A5BB06 /* DataTask.swift in Sources */,
				421FC39D2000708200D29770 /* PARSEUserLocation.swift in Sources */,
				428ADDAD2001783300A5BB06 /* PARSEConvenience.swift in Sources */,
				424D764220079275005FC658 /* AlertView.swift in Sources */,
			);
			runOnlyForDeploymentPostprocessing = 0;
		};
/* End PBXSourcesBuildPhase section */

/* Begin PBXVariantGroup section */
		42E4B2AE20004CCD00FB8A1C /* Main.storyboard */ = {
			isa = PBXVariantGroup;
			children = (
				42E4B2AF20004CCD00FB8A1C /* Base */,
			);
			name = Main.storyboard;
			sourceTree = "<group>";
		};
/* End PBXVariantGroup section */

/* Begin XCBuildConfiguration section */
		42E4B2B720004CCD00FB8A1C /* Debug */ = {
			isa = XCBuildConfiguration;
			buildSettings = {
				ALWAYS_SEARCH_USER_PATHS = NO;
				CLANG_ANALYZER_NONNULL = YES;
				CLANG_ANALYZER_NUMBER_OBJECT_CONVERSION = YES_AGGRESSIVE;
				CLANG_CXX_LANGUAGE_STANDARD = "gnu++14";
				CLANG_CXX_LIBRARY = "libc++";
				CLANG_ENABLE_MODULES = YES;
				CLANG_ENABLE_OBJC_ARC = YES;
				CLANG_WARN_BLOCK_CAPTURE_AUTORELEASING = YES;
				CLANG_WARN_BOOL_CONVERSION = YES;
				CLANG_WARN_COMMA = YES;
				CLANG_WARN_CONSTANT_CONVERSION = YES;
				CLANG_WARN_DEPRECATED_OBJC_IMPLEMENTATIONS = YES;
				CLANG_WARN_DIRECT_OBJC_ISA_USAGE = YES_ERROR;
				CLANG_WARN_DOCUMENTATION_COMMENTS = YES;
				CLANG_WARN_EMPTY_BODY = YES;
				CLANG_WARN_ENUM_CONVERSION = YES;
				CLANG_WARN_INFINITE_RECURSION = YES;
				CLANG_WARN_INT_CONVERSION = YES;
				CLANG_WARN_NON_LITERAL_NULL_CONVERSION = YES;
				CLANG_WARN_OBJC_IMPLICIT_RETAIN_SELF = YES;
				CLANG_WARN_OBJC_LITERAL_CONVERSION = YES;
				CLANG_WARN_OBJC_ROOT_CLASS = YES_ERROR;
				CLANG_WARN_RANGE_LOOP_ANALYSIS = YES;
				CLANG_WARN_STRICT_PROTOTYPES = YES;
				CLANG_WARN_SUSPICIOUS_MOVE = YES;
				CLANG_WARN_UNGUARDED_AVAILABILITY = YES_AGGRESSIVE;
				CLANG_WARN_UNREACHABLE_CODE = YES;
				CLANG_WARN__DUPLICATE_METHOD_MATCH = YES;
				CODE_SIGN_IDENTITY = "iPhone Developer";
				COPY_PHASE_STRIP = NO;
				DEBUG_INFORMATION_FORMAT = dwarf;
				ENABLE_STRICT_OBJC_MSGSEND = YES;
				ENABLE_TESTABILITY = YES;
				GCC_C_LANGUAGE_STANDARD = gnu11;
				GCC_DYNAMIC_NO_PIC = NO;
				GCC_NO_COMMON_BLOCKS = YES;
				GCC_OPTIMIZATION_LEVEL = 0;
				GCC_PREPROCESSOR_DEFINITIONS = (
					"DEBUG=1",
					"$(inherited)",
				);
				GCC_WARN_64_TO_32_BIT_CONVERSION = YES;
				GCC_WARN_ABOUT_RETURN_TYPE = YES_ERROR;
				GCC_WARN_UNDECLARED_SELECTOR = YES;
				GCC_WARN_UNINITIALIZED_AUTOS = YES_AGGRESSIVE;
				GCC_WARN_UNUSED_FUNCTION = YES;
				GCC_WARN_UNUSED_VARIABLE = YES;
				IPHONEOS_DEPLOYMENT_TARGET = 11.3;
				MTL_ENABLE_DEBUG_INFO = YES;
				ONLY_ACTIVE_ARCH = YES;
				SDKROOT = iphoneos;
				SWIFT_ACTIVE_COMPILATION_CONDITIONS = DEBUG;
				SWIFT_OPTIMIZATION_LEVEL = "-Onone";
			};
			name = Debug;
		};
		42E4B2B820004CCD00FB8A1C /* Release */ = {
			isa = XCBuildConfiguration;
			buildSettings = {
				ALWAYS_SEARCH_USER_PATHS = NO;
				CLANG_ANALYZER_NONNULL = YES;
				CLANG_ANALYZER_NUMBER_OBJECT_CONVERSION = YES_AGGRESSIVE;
				CLANG_CXX_LANGUAGE_STANDARD = "gnu++14";
				CLANG_CXX_LIBRARY = "libc++";
				CLANG_ENABLE_MODULES = YES;
				CLANG_ENABLE_OBJC_ARC = YES;
				CLANG_WARN_BLOCK_CAPTURE_AUTORELEASING = YES;
				CLANG_WARN_BOOL_CONVERSION = YES;
				CLANG_WARN_COMMA = YES;
				CLANG_WARN_CONSTANT_CONVERSION = YES;
				CLANG_WARN_DEPRECATED_OBJC_IMPLEMENTATIONS = YES;
				CLANG_WARN_DIRECT_OBJC_ISA_USAGE = YES_ERROR;
				CLANG_WARN_DOCUMENTATION_COMMENTS = YES;
				CLANG_WARN_EMPTY_BODY = YES;
				CLANG_WARN_ENUM_CONVERSION = YES;
				CLANG_WARN_INFINITE_RECURSION = YES;
				CLANG_WARN_INT_CONVERSION = YES;
				CLANG_WARN_NON_LITERAL_NULL_CONVERSION = YES;
				CLANG_WARN_OBJC_IMPLICIT_RETAIN_SELF = YES;
				CLANG_WARN_OBJC_LITERAL_CONVERSION = YES;
				CLANG_WARN_OBJC_ROOT_CLASS = YES_ERROR;
				CLANG_WARN_RANGE_LOOP_ANALYSIS = YES;
				CLANG_WARN_STRICT_PROTOTYPES = YES;
				CLANG_WARN_SUSPICIOUS_MOVE = YES;
				CLANG_WARN_UNGUARDED_AVAILABILITY = YES_AGGRESSIVE;
				CLANG_WARN_UNREACHABLE_CODE = YES;
				CLANG_WARN__DUPLICATE_METHOD_MATCH = YES;
				CODE_SIGN_IDENTITY = "iPhone Developer";
				COPY_PHASE_STRIP = NO;
				DEBUG_INFORMATION_FORMAT = "dwarf-with-dsym";
				ENABLE_NS_ASSERTIONS = NO;
				ENABLE_STRICT_OBJC_MSGSEND = YES;
				GCC_C_LANGUAGE_STANDARD = gnu11;
				GCC_NO_COMMON_BLOCKS = YES;
				GCC_WARN_64_TO_32_BIT_CONVERSION = YES;
				GCC_WARN_ABOUT_RETURN_TYPE = YES_ERROR;
				GCC_WARN_UNDECLARED_SELECTOR = YES;
				GCC_WARN_UNINITIALIZED_AUTOS = YES_AGGRESSIVE;
				GCC_WARN_UNUSED_FUNCTION = YES;
				GCC_WARN_UNUSED_VARIABLE = YES;
				IPHONEOS_DEPLOYMENT_TARGET = 11.3;
				MTL_ENABLE_DEBUG_INFO = NO;
				SDKROOT = iphoneos;
				SWIFT_OPTIMIZATION_LEVEL = "-Owholemodule";
				VALIDATE_PRODUCT = YES;
			};
			name = Release;
		};
		42E4B2BA20004CCD00FB8A1C /* Debug */ = {
			isa = XCBuildConfiguration;
			buildSettings = {
				ASSETCATALOG_COMPILER_APPICON_NAME = AppIcon;
				CODE_SIGN_STYLE = Automatic;
				DEVELOPMENT_TEAM = RA2CWXNJPY;
				FRAMEWORK_SEARCH_PATHS = (
					"$(inherited)",
					"$(PROJECT_DIR)",
				);
				INFOPLIST_FILE = "$(SRCROOT)/OnTheMap/Supporting Files/Info.plist";
				IPHONEOS_DEPLOYMENT_TARGET = 11.2;
				LD_RUNPATH_SEARCH_PATHS = "$(inherited) @executable_path/Frameworks";
				PRODUCT_BUNDLE_IDENTIFIER = com.shdrtech.OnTheMap;
				PRODUCT_NAME = "$(TARGET_NAME)";
				SWIFT_VERSION = 4.0;
				TARGETED_DEVICE_FAMILY = "1,2";
			};
			name = Debug;
		};
		42E4B2BB20004CCD00FB8A1C /* Release */ = {
			isa = XCBuildConfiguration;
			buildSettings = {
				ASSETCATALOG_COMPILER_APPICON_NAME = AppIcon;
				CODE_SIGN_STYLE = Automatic;
				DEVELOPMENT_TEAM = RA2CWXNJPY;
				FRAMEWORK_SEARCH_PATHS = (
					"$(inherited)",
					"$(PROJECT_DIR)",
				);
				INFOPLIST_FILE = "$(SRCROOT)/OnTheMap/Supporting Files/Info.plist";
				IPHONEOS_DEPLOYMENT_TARGET = 11.2;
				LD_RUNPATH_SEARCH_PATHS = "$(inherited) @executable_path/Frameworks";
				PRODUCT_BUNDLE_IDENTIFIER = com.shdrtech.OnTheMap;
				PRODUCT_NAME = "$(TARGET_NAME)";
				SWIFT_VERSION = 4.0;
				TARGETED_DEVICE_FAMILY = "1,2";
			};
			name = Release;
		};
/* End XCBuildConfiguration section */

/* Begin XCConfigurationList section */
		42E4B2A220004CCD00FB8A1C /* Build configuration list for PBXProject "OnTheMap" */ = {
			isa = XCConfigurationList;
			buildConfigurations = (
				42E4B2B720004CCD00FB8A1C /* Debug */,
				42E4B2B820004CCD00FB8A1C /* Release */,
			);
			defaultConfigurationIsVisible = 0;
			defaultConfigurationName = Release;
		};
		42E4B2B920004CCD00FB8A1C /* Build configuration list for PBXNativeTarget "OnTheMap" */ = {
			isa = XCConfigurationList;
			buildConfigurations = (
				42E4B2BA20004CCD00FB8A1C /* Debug */,
				42E4B2BB20004CCD00FB8A1C /* Release */,
			);
			defaultConfigurationIsVisible = 0;
			defaultConfigurationName = Release;
		};
/* End XCConfigurationList section */
	};
	rootObject = 42E4B29F20004CCD00FB8A1C /* Project object */;
}
